
Microsoft Visual Studio Solution File, Format Version 12.00
# Visual Studio 2012
Project("{8BC9CEB8-8B4A-11D0-8D11-00A0C91BC942}") = "SavePicsDS", "SavePicsDS\SavePicsDS.vcxproj", "{DFC1952A-491C-41E2-AAF5-1F1699EEA05A}"
EndProject
Global
	GlobalSection(SolutionConfigurationPlatforms) = preSolution
		Debug|Win32 = Debug|Win32
		Release|Win32 = Release|Win32
	EndGlobalSection
	GlobalSection(ProjectConfigurationPlatforms) = postSolution
		{DFC1952A-491C-41E2-AAF5-1F1699EEA05A}.Debug|Win32.ActiveCfg = Debug|Win32
		{DFC1952A-491C-41E2-AAF5-1F1699EEA05A}.Debug|Win32.Build.0 = Debug|Win32
		{DFC1952A-491C-41E2-AAF5-1F1699EEA05A}.Release|Win32.ActiveCfg = Release|Win32
		{DFC1952A-491C-41E2-AAF5-1F1699EEA05A}.Release|Win32.Build.0 = Release|Win32
	EndGlobalSection
	GlobalSection(SolutionProperties) = preSolution
		HideSolutionNode = FALSE
	EndGlobalSection
EndGlobal
