
Microsoft Visual Studio Solution File, Format Version 12.00
# Visual Studio 2012
Project("{8BC9CEB8-8B4A-11D0-8D11-00A0C91BC942}") = "stereoCalib", "stereoCalib\stereoCalib.vcxproj", "{12EC8DA7-9526-482D-B92D-F3377CE593AA}"
EndProject
Global
	GlobalSection(SolutionConfigurationPlatforms) = preSolution
		Debug|Win32 = Debug|Win32
		Release|Win32 = Release|Win32
	EndGlobalSection
	GlobalSection(ProjectConfigurationPlatforms) = postSolution
		{12EC8DA7-9526-482D-B92D-F3377CE593AA}.Debug|Win32.ActiveCfg = Debug|Win32
		{12EC8DA7-9526-482D-B92D-F3377CE593AA}.Debug|Win32.Build.0 = Debug|Win32
		{12EC8DA7-9526-482D-B92D-F3377CE593AA}.Release|Win32.ActiveCfg = Release|Win32
		{12EC8DA7-9526-482D-B92D-F3377CE593AA}.Release|Win32.Build.0 = Release|Win32
	EndGlobalSection
	GlobalSection(SolutionProperties) = preSolution
		HideSolutionNode = FALSE
	EndGlobalSection
EndGlobal
